
Microsoft Visual Studio Solution File, Format Version 12.00
# Visual Studio Version 17
VisualStudioVersion = 17.8.34511.84
MinimumVisualStudioVersion = 10.0.40219.1
Project("{9A19103F-16F7-4668-BE54-9A1E7A4F7556}") = "BookRate", "BookRate\BookRate.csproj", "{2E0660F3-7FC7-44C8-ABE8-BA981AD03AFA}"
EndProject
Project("{9A19103F-16F7-4668-BE54-9A1E7A4F7556}") = "BookRate.DAL", "BookRate.DAL\BookRate.DAL.csproj", "{F8325732-120B-41B7-8F82-65292C19C395}"
EndProject
Project("{9A19103F-16F7-4668-BE54-9A1E7A4F7556}") = "BookRate.BLL", "BookRate.BLL\BookRate.BLL.csproj", "{E94A0E4F-9E42-4BCA-8286-1AD525C15F9E}"
EndProject
Project("{FAE04EC0-301F-11D3-BF4B-00C04F79EFBC}") = "BookRate.Common", "BookRate.Common\BookRate.Common.csproj", "{03E2923C-4F93-46A5-A88C-A317135012A3}"
EndProject
Global
	GlobalSection(SolutionConfigurationPlatforms) = preSolution
		Debug|Any CPU = Debug|Any CPU
		Release|Any CPU = Release|Any CPU
	EndGlobalSection
	GlobalSection(ProjectConfigurationPlatforms) = postSolution
		{2E0660F3-7FC7-44C8-ABE8-BA981AD03AFA}.Debug|Any CPU.ActiveCfg = Debug|Any CPU
		{2E0660F3-7FC7-44C8-ABE8-BA981AD03AFA}.Debug|Any CPU.Build.0 = Debug|Any CPU
		{2E0660F3-7FC7-44C8-ABE8-BA981AD03AFA}.Release|Any CPU.ActiveCfg = Release|Any CPU
		{2E0660F3-7FC7-44C8-ABE8-BA981AD03AFA}.Release|Any CPU.Build.0 = Release|Any CPU
		{F8325732-120B-41B7-8F82-65292C19C395}.Debug|Any CPU.ActiveCfg = Debug|Any CPU
		{F8325732-120B-41B7-8F82-65292C19C395}.Debug|Any CPU.Build.0 = Debug|Any CPU
		{F8325732-120B-41B7-8F82-65292C19C395}.Release|Any CPU.ActiveCfg = Release|Any CPU
		{F8325732-120B-41B7-8F82-65292C19C395}.Release|Any CPU.Build.0 = Release|Any CPU
		{E94A0E4F-9E42-4BCA-8286-1AD525C15F9E}.Debug|Any CPU.ActiveCfg = Debug|Any CPU
		{E94A0E4F-9E42-4BCA-8286-1AD525C15F9E}.Debug|Any CPU.Build.0 = Debug|Any CPU
		{E94A0E4F-9E42-4BCA-8286-1AD525C15F9E}.Release|Any CPU.ActiveCfg = Release|Any CPU
		{E94A0E4F-9E42-4BCA-8286-1AD525C15F9E}.Release|Any CPU.Build.0 = Release|Any CPU
		{03E2923C-4F93-46A5-A88C-A317135012A3}.Debug|Any CPU.ActiveCfg = Debug|Any CPU
		{03E2923C-4F93-46A5-A88C-A317135012A3}.Debug|Any CPU.Build.0 = Debug|Any CPU
		{03E2923C-4F93-46A5-A88C-A317135012A3}.Release|Any CPU.ActiveCfg = Release|Any CPU
		{03E2923C-4F93-46A5-A88C-A317135012A3}.Release|Any CPU.Build.0 = Release|Any CPU
	EndGlobalSection
	GlobalSection(SolutionProperties) = preSolution
		HideSolutionNode = FALSE
	EndGlobalSection
	GlobalSection(ExtensibilityGlobals) = postSolution
		SolutionGuid = {5B834442-CF26-49E6-95C5-02617228AF7E}
	EndGlobalSection
EndGlobal
