
Microsoft Visual Studio Solution File, Format Version 12.00
# Visual Studio Version 17
VisualStudioVersion = 17.8.34511.84
MinimumVisualStudioVersion = 10.0.40219.1
Project("{9A19103F-16F7-4668-BE54-9A1E7A4F7556}") = "BookRate", "BookRate\BookRate.csproj", "{2E0660F3-7FC7-44C8-ABE8-BA981AD03AFA}"
EndProject
Project("{9A19103F-16F7-4668-BE54-9A1E7A4F7556}") = "BookRate.DAL", "BookRate.DAL\BookRate.DAL.csproj", "{F8325732-120B-41B7-8F82-65292C19C395}"
EndProject
Project("{9A19103F-16F7-4668-BE54-9A1E7A4F7556}") = "BookRate.BLL", "BookRate.BLL\BookRate.BLL.csproj", "{E94A0E4F-9E42-4BCA-8286-1AD525C15F9E}"
EndProject
Project("{9A19103F-16F7-4668-BE54-9A1E7A4F7556}") = "BookRate.Common", "BookRate.Common\BookRate.Common.csproj", "{03E2923C-4F93-46A5-A88C-A317135012A3}"
EndProject
Project("{9A19103F-16F7-4668-BE54-9A1E7A4F7556}") = "BookRate.Validator", "BookRate.Validator\BookRate.Validator.csproj", "{43F4D665-BE21-44C7-B510-1AD88DCBD7BD}"
EndProject
Project("{FAE04EC0-301F-11D3-BF4B-00C04F79EFBC}") = "BookRate.Test", "BookRate.Test\BookRate.Test.csproj", "{ED34D292-A40F-400A-9105-00C37369BFDA}"
EndProject
Project("{2150E333-8FDC-42A3-9474-1A3956D46DE8}") = "Core", "Core", "{748BFAD3-B781-4D68-90EC-919362ED418F}"
EndProject
Project("{2150E333-8FDC-42A3-9474-1A3956D46DE8}") = "Infrastructure", "Infrastructure", "{2FF3BE06-11BC-41E5-AA7E-ADA84F2F16FE}"
EndProject
Project("{2150E333-8FDC-42A3-9474-1A3956D46DE8}") = "Api", "Api", "{AC682102-9A1C-432D-A196-B09099CE3DEA}"
EndProject
Global
	GlobalSection(SolutionConfigurationPlatforms) = preSolution
		Debug|Any CPU = Debug|Any CPU
		Release|Any CPU = Release|Any CPU
	EndGlobalSection
	GlobalSection(ProjectConfigurationPlatforms) = postSolution
		{2E0660F3-7FC7-44C8-ABE8-BA981AD03AFA}.Debug|Any CPU.ActiveCfg = Debug|Any CPU
		{2E0660F3-7FC7-44C8-ABE8-BA981AD03AFA}.Debug|Any CPU.Build.0 = Debug|Any CPU
		{2E0660F3-7FC7-44C8-ABE8-BA981AD03AFA}.Release|Any CPU.ActiveCfg = Release|Any CPU
		{2E0660F3-7FC7-44C8-ABE8-BA981AD03AFA}.Release|Any CPU.Build.0 = Release|Any CPU
		{F8325732-120B-41B7-8F82-65292C19C395}.Debug|Any CPU.ActiveCfg = Debug|Any CPU
		{F8325732-120B-41B7-8F82-65292C19C395}.Debug|Any CPU.Build.0 = Debug|Any CPU
		{F8325732-120B-41B7-8F82-65292C19C395}.Release|Any CPU.ActiveCfg = Release|Any CPU
		{F8325732-120B-41B7-8F82-65292C19C395}.Release|Any CPU.Build.0 = Release|Any CPU
		{E94A0E4F-9E42-4BCA-8286-1AD525C15F9E}.Debug|Any CPU.ActiveCfg = Debug|Any CPU
		{E94A0E4F-9E42-4BCA-8286-1AD525C15F9E}.Debug|Any CPU.Build.0 = Debug|Any CPU
		{E94A0E4F-9E42-4BCA-8286-1AD525C15F9E}.Release|Any CPU.ActiveCfg = Release|Any CPU
		{E94A0E4F-9E42-4BCA-8286-1AD525C15F9E}.Release|Any CPU.Build.0 = Release|Any CPU
		{03E2923C-4F93-46A5-A88C-A317135012A3}.Debug|Any CPU.ActiveCfg = Debug|Any CPU
		{03E2923C-4F93-46A5-A88C-A317135012A3}.Debug|Any CPU.Build.0 = Debug|Any CPU
		{03E2923C-4F93-46A5-A88C-A317135012A3}.Release|Any CPU.ActiveCfg = Release|Any CPU
		{03E2923C-4F93-46A5-A88C-A317135012A3}.Release|Any CPU.Build.0 = Release|Any CPU
		{43F4D665-BE21-44C7-B510-1AD88DCBD7BD}.Debug|Any CPU.ActiveCfg = Debug|Any CPU
		{43F4D665-BE21-44C7-B510-1AD88DCBD7BD}.Debug|Any CPU.Build.0 = Debug|Any CPU
		{43F4D665-BE21-44C7-B510-1AD88DCBD7BD}.Release|Any CPU.ActiveCfg = Release|Any CPU
		{43F4D665-BE21-44C7-B510-1AD88DCBD7BD}.Release|Any CPU.Build.0 = Release|Any CPU
		{ED34D292-A40F-400A-9105-00C37369BFDA}.Debug|Any CPU.ActiveCfg = Debug|Any CPU
		{ED34D292-A40F-400A-9105-00C37369BFDA}.Debug|Any CPU.Build.0 = Debug|Any CPU
		{ED34D292-A40F-400A-9105-00C37369BFDA}.Release|Any CPU.ActiveCfg = Release|Any CPU
		{ED34D292-A40F-400A-9105-00C37369BFDA}.Release|Any CPU.Build.0 = Release|Any CPU
	EndGlobalSection
	GlobalSection(SolutionProperties) = preSolution
		HideSolutionNode = FALSE
	EndGlobalSection
	GlobalSection(ExtensibilityGlobals) = postSolution
		SolutionGuid = {5B834442-CF26-49E6-95C5-02617228AF7E}
	EndGlobalSection
	GlobalSection(NestedProjects) = preSolution
		{03E2923C-4F93-46A5-A88C-A317135012A3} = {748BFAD3-B781-4D68-90EC-919362ED418F}
		{E94A0E4F-9E42-4BCA-8286-1AD525C15F9E} = {748BFAD3-B781-4D68-90EC-919362ED418F}
		{2E0660F3-7FC7-44C8-ABE8-BA981AD03AFA} = {AC682102-9A1C-432D-A196-B09099CE3DEA}
		{F8325732-120B-41B7-8F82-65292C19C395} = {2FF3BE06-11BC-41E5-AA7E-ADA84F2F16FE}
		{ED34D292-A40F-400A-9105-00C37369BFDA} = {2FF3BE06-11BC-41E5-AA7E-ADA84F2F16FE}
		{43F4D665-BE21-44C7-B510-1AD88DCBD7BD} = {748BFAD3-B781-4D68-90EC-919362ED418F}
	EndGlobalSection
EndGlobal
